
Microsoft Visual Studio Solution File, Format Version 12.00
# Visual Studio Version 16
VisualStudioVersion = 16.0.29613.14
MinimumVisualStudioVersion = 10.0.40219.1
Project("{FAE04EC0-301F-11D3-BF4B-00C04F79EFBC}") = "ApiClientes", "ApiClientes.csproj", "{6C399E40-4A79-45E1-AE06-D439D8E59445}"
EndProject
Global
	GlobalSection(SolutionConfigurationPlatforms) = preSolution
		Debug|Any CPU = Debug|Any CPU
		Release|Any CPU = Release|Any CPU
	EndGlobalSection
	GlobalSection(ProjectConfigurationPlatforms) = postSolution
		{6C399E40-4A79-45E1-AE06-D439D8E59445}.Debug|Any CPU.ActiveCfg = Debug|Any CPU
		{6C399E40-4A79-45E1-AE06-D439D8E59445}.Debug|Any CPU.Build.0 = Debug|Any CPU
		{6C399E40-4A79-45E1-AE06-D439D8E59445}.Release|Any CPU.ActiveCfg = Release|Any CPU
		{6C399E40-4A79-45E1-AE06-D439D8E59445}.Release|Any CPU.Build.0 = Release|Any CPU
	EndGlobalSection
	GlobalSection(SolutionProperties) = preSolution
		HideSolutionNode = FALSE
	EndGlobalSection
	GlobalSection(ExtensibilityGlobals) = postSolution
		SolutionGuid = {F895FA7C-105B-49E4-B06E-7B5719AB075C}
	EndGlobalSection
EndGlobal
